
Microsoft Visual Studio Solution File, Format Version 12.00
# Visual Studio Version 17
VisualStudioVersion = 17.6.33801.468
MinimumVisualStudioVersion = 10.0.40219.1
Project("{FAE04EC0-301F-11D3-BF4B-00C04F79EFBC}") = "ex1", "ex1.csproj", "{C98159C5-0A6A-4512-A457-DC45898030A9}"
EndProject
Global
	GlobalSection(SolutionConfigurationPlatforms) = preSolution
		Debug|Any CPU = Debug|Any CPU
		Release|Any CPU = Release|Any CPU
	EndGlobalSection
	GlobalSection(ProjectConfigurationPlatforms) = postSolution
		{C98159C5-0A6A-4512-A457-DC45898030A9}.Debug|Any CPU.ActiveCfg = Debug|Any CPU
		{C98159C5-0A6A-4512-A457-DC45898030A9}.Debug|Any CPU.Build.0 = Debug|Any CPU
		{C98159C5-0A6A-4512-A457-DC45898030A9}.Release|Any CPU.ActiveCfg = Release|Any CPU
		{C98159C5-0A6A-4512-A457-DC45898030A9}.Release|Any CPU.Build.0 = Release|Any CPU
	EndGlobalSection
	GlobalSection(SolutionProperties) = preSolution
		HideSolutionNode = FALSE
	EndGlobalSection
	GlobalSection(ExtensibilityGlobals) = postSolution
		SolutionGuid = {372CEB23-119E-46D7-ABDB-B972FFEF4758}
	EndGlobalSection
EndGlobal
