
Microsoft Visual Studio Solution File, Format Version 12.00
# Visual Studio Version 17
VisualStudioVersion = 17.6.33801.468
MinimumVisualStudioVersion = 10.0.40219.1
Project("{FAE04EC0-301F-11D3-BF4B-00C04F79EFBC}") = "ex3", "ex3\ex3.csproj", "{51313BA6-1CA5-4BDA-8FA9-3C4D36D6C37C}"
EndProject
Global
	GlobalSection(SolutionConfigurationPlatforms) = preSolution
		Debug|Any CPU = Debug|Any CPU
		Release|Any CPU = Release|Any CPU
	EndGlobalSection
	GlobalSection(ProjectConfigurationPlatforms) = postSolution
		{51313BA6-1CA5-4BDA-8FA9-3C4D36D6C37C}.Debug|Any CPU.ActiveCfg = Debug|Any CPU
		{51313BA6-1CA5-4BDA-8FA9-3C4D36D6C37C}.Debug|Any CPU.Build.0 = Debug|Any CPU
		{51313BA6-1CA5-4BDA-8FA9-3C4D36D6C37C}.Release|Any CPU.ActiveCfg = Release|Any CPU
		{51313BA6-1CA5-4BDA-8FA9-3C4D36D6C37C}.Release|Any CPU.Build.0 = Release|Any CPU
	EndGlobalSection
	GlobalSection(SolutionProperties) = preSolution
		HideSolutionNode = FALSE
	EndGlobalSection
	GlobalSection(ExtensibilityGlobals) = postSolution
		SolutionGuid = {97EB06AE-86C0-4936-83F4-83FD8936FC78}
	EndGlobalSection
EndGlobal
